
Microsoft Visual Studio Solution File, Format Version 12.00
# Visual Studio 15
VisualStudioVersion = 15.0.27703.2035
MinimumVisualStudioVersion = 10.0.40219.1
Project("{FAE04EC0-301F-11D3-BF4B-00C04F79EFBC}") = "VfdDriver", "VfdDriver\VfdDriver.csproj", "{D6489D55-4941-43F7-96CE-4A25E1CFA20F}"
EndProject
Project("{FAE04EC0-301F-11D3-BF4B-00C04F79EFBC}") = "VfdGui", "VfdGui\VfdGui.csproj", "{40DBA346-1574-4A05-BD16-31DC4688F918}"
EndProject
Global
	GlobalSection(SolutionConfigurationPlatforms) = preSolution
		Debug|Any CPU = Debug|Any CPU
		Release|Any CPU = Release|Any CPU
	EndGlobalSection
	GlobalSection(ProjectConfigurationPlatforms) = postSolution
		{D6489D55-4941-43F7-96CE-4A25E1CFA20F}.Debug|Any CPU.ActiveCfg = Debug|Any CPU
		{D6489D55-4941-43F7-96CE-4A25E1CFA20F}.Debug|Any CPU.Build.0 = Debug|Any CPU
		{D6489D55-4941-43F7-96CE-4A25E1CFA20F}.Release|Any CPU.ActiveCfg = Release|Any CPU
		{D6489D55-4941-43F7-96CE-4A25E1CFA20F}.Release|Any CPU.Build.0 = Release|Any CPU
		{40DBA346-1574-4A05-BD16-31DC4688F918}.Debug|Any CPU.ActiveCfg = Debug|Any CPU
		{40DBA346-1574-4A05-BD16-31DC4688F918}.Debug|Any CPU.Build.0 = Debug|Any CPU
		{40DBA346-1574-4A05-BD16-31DC4688F918}.Release|Any CPU.ActiveCfg = Release|Any CPU
		{40DBA346-1574-4A05-BD16-31DC4688F918}.Release|Any CPU.Build.0 = Release|Any CPU
	EndGlobalSection
	GlobalSection(SolutionProperties) = preSolution
		HideSolutionNode = FALSE
	EndGlobalSection
	GlobalSection(ExtensibilityGlobals) = postSolution
		SolutionGuid = {A88A6015-3871-4810-8125-48ADBE826C3C}
	EndGlobalSection
EndGlobal
